
Microsoft Visual Studio Solution File, Format Version 12.00
# Visual Studio Version 17
VisualStudioVersion = 17.0.31903.59
MinimumVisualStudioVersion = 10.0.40219.1
Project("{FAE04EC0-301F-11D3-BF4B-00C04F79EFBC}") = "EcoEkb.Backend.Api", "EcoEkb.Backend.Api\EcoEkb.Backend.Api.csproj", "{7830D7CA-7F9E-4386-A61C-EA880FE71231}"
EndProject
Project("{FAE04EC0-301F-11D3-BF4B-00C04F79EFBC}") = "EcoEkb.Backend.Application", "EcoEkb.Backend.Application\EcoEkb.Backend.Application.csproj", "{4A9B3696-34FA-4574-821D-3EE21BCA05BD}"
EndProject
Project("{FAE04EC0-301F-11D3-BF4B-00C04F79EFBC}") = "EcoEkb.Backend.DataAccess", "EcoEkb.Backend.DataAccess\EcoEkb.Backend.DataAccess.csproj", "{6CE08A41-394F-438C-B508-52F2AC55D8DC}"
EndProject
Project("{FAE04EC0-301F-11D3-BF4B-00C04F79EFBC}") = "EcoEkb.Backend.QRCode", "EcoEkb.Backend.QRCode\EcoEkb.Backend.QRCode.csproj", "{38878A1D-CD27-4235-8FBD-1E53D5B910A4}"
EndProject
Global
	GlobalSection(SolutionConfigurationPlatforms) = preSolution
		Debug|Any CPU = Debug|Any CPU
		Release|Any CPU = Release|Any CPU
	EndGlobalSection
	GlobalSection(SolutionProperties) = preSolution
		HideSolutionNode = FALSE
	EndGlobalSection
	GlobalSection(ProjectConfigurationPlatforms) = postSolution
		{7830D7CA-7F9E-4386-A61C-EA880FE71231}.Debug|Any CPU.ActiveCfg = Debug|Any CPU
		{7830D7CA-7F9E-4386-A61C-EA880FE71231}.Debug|Any CPU.Build.0 = Debug|Any CPU
		{7830D7CA-7F9E-4386-A61C-EA880FE71231}.Release|Any CPU.ActiveCfg = Release|Any CPU
		{7830D7CA-7F9E-4386-A61C-EA880FE71231}.Release|Any CPU.Build.0 = Release|Any CPU
		{4A9B3696-34FA-4574-821D-3EE21BCA05BD}.Debug|Any CPU.ActiveCfg = Debug|Any CPU
		{4A9B3696-34FA-4574-821D-3EE21BCA05BD}.Debug|Any CPU.Build.0 = Debug|Any CPU
		{4A9B3696-34FA-4574-821D-3EE21BCA05BD}.Release|Any CPU.ActiveCfg = Release|Any CPU
		{4A9B3696-34FA-4574-821D-3EE21BCA05BD}.Release|Any CPU.Build.0 = Release|Any CPU
		{6CE08A41-394F-438C-B508-52F2AC55D8DC}.Debug|Any CPU.ActiveCfg = Debug|Any CPU
		{6CE08A41-394F-438C-B508-52F2AC55D8DC}.Debug|Any CPU.Build.0 = Debug|Any CPU
		{6CE08A41-394F-438C-B508-52F2AC55D8DC}.Release|Any CPU.ActiveCfg = Release|Any CPU
		{6CE08A41-394F-438C-B508-52F2AC55D8DC}.Release|Any CPU.Build.0 = Release|Any CPU
		{38878A1D-CD27-4235-8FBD-1E53D5B910A4}.Debug|Any CPU.ActiveCfg = Debug|Any CPU
		{38878A1D-CD27-4235-8FBD-1E53D5B910A4}.Debug|Any CPU.Build.0 = Debug|Any CPU
		{38878A1D-CD27-4235-8FBD-1E53D5B910A4}.Release|Any CPU.ActiveCfg = Release|Any CPU
		{38878A1D-CD27-4235-8FBD-1E53D5B910A4}.Release|Any CPU.Build.0 = Release|Any CPU
	EndGlobalSection
EndGlobal
